
Microsoft Visual Studio Solution File, Format Version 12.00
# Visual Studio Version 17
VisualStudioVersion = 17.0.32126.317
MinimumVisualStudioVersion = 10.0.40219.1
Project("{F184B08F-C81C-45F6-A57F-5ABD9991F28F}") = "My Score", "My Score.vbproj", "{6A260C38-5319-4692-A753-225D77594379}"
EndProject
Global
	GlobalSection(SolutionConfigurationPlatforms) = preSolution
		Debug|Any CPU = Debug|Any CPU
		Release|Any CPU = Release|Any CPU
	EndGlobalSection
	GlobalSection(ProjectConfigurationPlatforms) = postSolution
		{6A260C38-5319-4692-A753-225D77594379}.Debug|Any CPU.ActiveCfg = Debug|Any CPU
		{6A260C38-5319-4692-A753-225D77594379}.Debug|Any CPU.Build.0 = Debug|Any CPU
		{6A260C38-5319-4692-A753-225D77594379}.Release|Any CPU.ActiveCfg = Release|Any CPU
		{6A260C38-5319-4692-A753-225D77594379}.Release|Any CPU.Build.0 = Release|Any CPU
	EndGlobalSection
	GlobalSection(SolutionProperties) = preSolution
		HideSolutionNode = FALSE
	EndGlobalSection
	GlobalSection(ExtensibilityGlobals) = postSolution
		SolutionGuid = {A45EC239-DA00-4ADF-B864-5A09A85F0C3B}
	EndGlobalSection
EndGlobal
